{
  "version": 4,
  "terraform_version": "1.13.2",
  "serial": 893,
  "lineage": "42eacbc8-eb3d-40e8-faf5-85ccab878e9e",
  "outputs": {
    "alb_dns_name": {
      "value": "CS6650L2-Fixed-alb-767595216.us-west-2.elb.amazonaws.com",
      "type": "string"
    },
    "alb_url": {
      "value": "http://CS6650L2-Fixed-alb-767595216.us-west-2.elb.amazonaws.com",
      "type": "string"
    },
    "autoscaling_enabled": {
      "value": true,
      "type": "bool"
    },
    "autoscaling_max_capacity": {
      "value": "6",
      "type": "string"
    },
    "autoscaling_min_capacity": {
      "value": "2",
      "type": "string"
    },
    "autoscaling_policy_arn": {
      "value": "arn:aws:autoscaling:us-west-2:381491941013:scalingPolicy:753edade-05f6-4128-a5ca-2e937ebc5211:resource/ecs/service/CS6650L2-Fixed-cluster/CS6650L2-Fixed:policyName/CS6650L2-Fixed-cpu-scaling",
      "type": "string"
    },
    "autoscaling_target_cpu": {
      "value": "70",
      "type": "string"
    },
    "ecs_cluster_name": {
      "value": "CS6650L2-Fixed-cluster",
      "type": "string"
    },
    "ecs_service_name": {
      "value": "CS6650L2-Fixed",
      "type": "string"
    },
    "target_group_arn": {
      "value": "arn:aws:elasticloadbalancing:us-west-2:381491941013:targetgroup/CS6650L2-Fixed-tg/2bde2959a7f62ed5",
      "type": "string"
    }
  },
  "resources": [
    {
      "mode": "data",
      "type": "aws_ecr_authorization_token",
      "name": "registry",
      "provider": "provider[\"registry.terraform.io/hashicorp/aws\"]",
      "instances": [
        {
          "schema_version": 0,
          "attributes": {
            "authorization_token": "QVdTOmV5SndZWGxzYjJGa0lqb2laMWhFYWtOMlJGSm5jMDlsU1hwcU1FaENXWFpoZG5oV1NuZFRkMDlWTXpGWVZuRjNRemg0VW04MVZWRlVVRUYyTld4Wk1FRk9PQ3RaVWl0eGEwZDJMMk5qVVRGblZXNVZjRUl6TkdwSmJWRnhkQzlDTHpRck9IRTVkV0ZRVFhOUFVuVklUbkIwTTNKaU16RXhXSEowYkRjNVJ6ZEtNM1E0VW14ak9YazRNMVZQUm5wUlRXdHJRMjQwVW0xWmVWcHhja05SZG5aSWRETkRVWGxSZW5NeFpVNXZOVzFCVG1ZMlVFTmlOVU5hY2tRNFJtTkRVWEJpUVU5MGJubDZVVlZaUTNWb1F6Sm1TbWd6V21WRGFYWjJOREp3Y1hwUVVWaDBVbGhCWms1M1dXeGFNMlJZWW5ORFptbzJNRzFFV1RGaGMyUlBTVmh3TkVScVlWWkpiM2xoUzFkR2IxUjVlRFJ3UjB0U1l5czBWUzlLU0dsamJGZ3dSaXRCYWxoelIzQkhOa1pFVVZRd01VTnhVSHBCUW5CaFVEZHhaekZLZHpSdmRXbE1jekl2V0RKMldGUlZNMlZsUjBGV2EzSnVaMHQ0U3pReUwzaHNNVzlhWlcxQ2FTczFlVkp4Tnl0blZ6Sk5ObVpKUkV0eVFYTlplV1ZXUVdWTU9WRlBOVnBFVEVFcmQwd3ZTSGhvWmtsMmNHbHhNV0p6VVZsTFFsWm5OMmh0ZUN0VVIydFpPVVJ1YzBWYU9WZHRiMEZ2VUU1RGFqSnZSVUkwUlRKelRuTmFkRlZ5Y3k5WGNVUnlWek16YjJ3M2VYTm9VMmRWUlN0clZIUklVRkk1WjBOWGFqRkljMDlLVm1KYVltZElNekI1UWpWSGFuWjViVzQzWjBSU1ozcGlMMDFQWVdGNE5FMUVlRmw1TW00dk5uSllUMUZDZUdVMk9VSkRRa2RYZWtvdlRWbE9lRk5vWkdFcmFsbFdLMU5oVldRemRuTXdWRFpWYzBJcmVsazVUM28xTVZOaVFub3JRMFo0VldwRlZYVmFiMVUwWjFkeVlrTjVVRFJJUm1ORWJqaDZjemhtUmtOMk56TXdRVFpIV1ZsakwyWlhjMlpEYjA5UFFsWTRkVXRYZG1OUlFuTjNORXhKTWpKclNuWnhhV05YUVZwME9GSkNNMnR5Vm1sUk5XeEtMMDVpU0hKQ1RYa3phSFZ6YWxScWNFMTNTbGhIV0N0b2JYUTVTMFEyTUZWVVQxbFliMmhpYUZCSU9FTm9aWEZ1V0ZKS2NIcGljbnBWZFdwdmVtMXNRVkJwUTFrd2VIYzJlR2RaYTNNclV5OUdkR00zVFdrclZIRTVNUzlEZERsM1EwMXZZV2haVWtkVGRHVlJaRlZZY1U5c0t6RnZjMmt2TDNoQ1dHVnNhazF6U2xNd1JHdGFVSEJ0VTJNemJIRnBja3N2VlhGelFVZGxRa2RRYjJaWmFYZFpWRTFqWlZKMmIyUjBWMXBpUzJSc1lqRnJUR1IwV1U1ak1GUllWRWd6UjBKR0szUm1Wa3RzVVdWNlQwWlZZM0pyZDBSemFHWkhRV3RtWVZrMFFWSlpkbFJGY0ZCdE1uSklhbmxpTTBaQldHSnZka2hxUnpGYVRrVkxjak4xYVhOU1JrUnJOMW8zYUdKTWVuQlpUVVpvU0Vsc1pXaENaazVyTjFkMFpVeEVLMnRzYURSRWIxVlhRVWRIUkRoS1UxaFVlV3BRUjFCWEwxSmtRbEpyYW1sRU5FNVZaa2xVU1U1VmQxQkpWV05TVFhKTGF6QkZOakpOWWk4ek1qZFNaM0I1ZGprelVVNXBVQ3M0V0RaTE56bFpWblptU0daemNYQlljak5zYlVKUGJFdDVSRkZMUkhCUlZFUXZVVXRtUVRaQldpOXlZM1p5UjNkR2RIYzJaVTFxU0hZMlNuZDRhek5WZVVVelNsSkNabEYzYm5VelRERmFaSHAxVUU5R1l6TlRObGRhY2xOTVRYUnlXWE14VVZaUFJGbHRkbkZZUVVWRmRFTlNRMjFMU3lzeGRFWmFiMEkxY1U4MGEycHRaSEUwZVVNdlYzTTNkVXRFVTNJelpYaERjMDEySzBSU01rdFVXVTV1YnpBMlpuRmpLemhTV1VsQ09HeG9UMHRJYVVoQ2RFOU5jR2RxWldKQlExQlBPRVZxV21wRFoyOWllSG81UzFwa00wMVNlRVZzZUZkeWVFazNkRUZuYWtWMmFWVmlVRGxvZGs1dFJISllaVEJyYkhoNFowRmpRek5DVG5ac1VqaGpQU0lzSW1SaGRHRnJaWGtpT2lKQlVVVkNRVWhxTm14ak5GaEpTbmN2TjJ4dU1FaGpNREJFVFdWck5rZEZlRWhEWWxrMFVrbHdWRTFEU1RVNFNXNVZkMEZCUVVnMGQyWkJXVXBMYjFwSmFIWmpUa0ZSWTBkdlJ6aDNZbEZKUWtGRVFtOUNaMnR4YUd0cFJ6bDNNRUpDZDBWM1NHZFpTbGxKV2tsQlYxVkVRa0ZGZFUxQ1JVVkVRVXBWTDFSa1VrSkNkVWhUWkRSQmNrRkpRa1ZKUVRkd1RrZFlSek41ZFVkUlQwSlVLMEp0Um01Uk0yZHlhbFl4YTBsd1ZrVjRLMFJxVld0VE9TdE5VRlZHZFRseWJqSm5ORFJyY0VsM1NsWlVNaTh2UkdwR01FVndTSGwxWWpBdlRUUXdRMVpqUFNJc0luWmxjbk5wYjI0aU9pSXlJaXdpZEhsd1pTSTZJa1JCVkVGZlMwVlpJaXdpWlhod2FYSmhkR2x2YmlJNk1UYzJNRGsyT1RnNE5YMD0=",
            "expires_at": "2025-10-20T14:18:05Z",
            "id": "us-west-2",
            "password": "eyJwYXlsb2FkIjoiZ1hEakN2RFJnc09lSXpqMEhCWXZhdnhWSndTd09VMzFYVnF3Qzh4Um81VVFUUEF2NWxZMEFOOCtZUitxa0d2L2NjUTFnVW5VcEIzNGpJbVFxdC9CLzQrOHE5dWFQTXNPUnVITnB0M3JiMzExWHJ0bDc5RzdKM3Q4UmxjOXk4M1VPRnpRTWtrQ240Um1ZeVpxckNRdnZIdDNDUXlRenMxZU5vNW1BTmY2UENiNUNackQ4RmNDUXBiQU90bnl6UVVZQ3VoQzJmSmgzWmVDaXZ2NDJwcXpQUVh0UlhBZk53WWxaM2RYYnNDZmo2MG1EWTFhc2RPSVhwNERqYVZJb3lhS1dGb1R5eDRwR0tSYys0VS9KSGljbFgwRitBalhzR3BHNkZEUVQwMUNxUHpBQnBhUDdxZzFKdzRvdWlMczIvWDJ2WFRVM2VlR0FWa3JuZ0t4SzQyL3hsMW9aZW1CaSs1eVJxNytnVzJNNmZJREtyQXNZeWVWQWVMOVFPNVpETEErd0wvSHhoZkl2cGlxMWJzUVlLQlZnN2hteCtUR2tZOURuc0VaOVdtb0FvUE5DajJvRUI0RTJzTnNadFVycy9XcURyVzMzb2w3eXNoU2dVRStrVHRIUFI5Z0NXajFIc09KVmJaYmdIMzB5QjVHanZ5bW43Z0RSZ3piL01PYWF4NE1EeFl5Mm4vNnJYT1FCeGU2OUJDQkdXekovTVlOeFNoZGErallWK1NhVWQzdnMwVDZVc0Irelk5T3o1MVNiQnorQ0Z4VWpFVXVab1U0Z1dyYkN5UDRIRmNEbjh6czhmRkN2NzMwQTZHWVljL2ZXc2ZDb09PQlY4dUtXdmNRQnN3NExJMjJrSnZxaWNXQVp0OFJCM2tyVmlRNWxKL05iSHJCTXkzaHVzalRqcE13SlhHWCtobXQ5S0Q2MFVUT1lYb2hiaFBIOENoZXFuWFJKcHpicnpVdWpvem1sQVBpQ1kweHc2eGdZa3MrUy9GdGM3TWkrVHE5MS9DdDl3Q01vYWhZUkdTdGVRZFVYcU9sKzFvc2kvL3hCWGVsak1zSlMwRGtaUHBtU2MzbHFpcksvVXFzQUdlQkdQb2ZZaXdZVE1jZVJ2b2R0V1piS2RsYjFrTGR0WU5jMFRYVEgzR0JGK3RmVktsUWV6T0ZVY3Jrd0RzaGZHQWtmYVk0QVJZdlRFcFBtMnJIanliM0ZBWGJvdkhqRzFaTkVLcjN1aXNSRkRrN1o3aGJMenBZTUZoSElsZWhCZk5rN1d0ZUxEK2tsaDREb1VXQUdHRDhKU1hUeWpQR1BXL1JkQlJramlENE5VZklUSU5Vd1BJVWNSTXJLazBFNjJNYi8zMjdSZ3B5djkzUU5pUCs4WDZLNzlZVnZmSGZzcXBYcjNsbUJPbEt5RFFLRHBRVEQvUUtmQTZBWi9yY3ZyR3dGdHc2ZU1qSHY2Snd4azNVeUUzSlJCZlF3bnUzTDFaZHp1UE9GYzNTNldaclNMTXRyWXMxUVZPRFltdnFYQUVFdENSQ21LSysxdEZab0I1cU80a2ptZHE0eUMvV3M3dUtEU3IzZXhDc012K0RSMktUWU5ubzA2ZnFjKzhSWUlCOGxoT0tIaUhCdE9NcGdqZWJBQ1BPOEVqWmpDZ29ieHo5S1pkM01SeEVseFdyeEk3dEFnakV2aVViUDlodk5tRHJYZTBrbHh4Z0FjQzNCTnZsUjhjPSIsImRhdGFrZXkiOiJBUUVCQUhqNmxjNFhJSncvN2xuMEhjMDBETWVrNkdFeEhDYlk0UklwVE1DSTU4SW5Vd0FBQUg0d2ZBWUpLb1pJaHZjTkFRY0dvRzh3YlFJQkFEQm9CZ2txaGtpRzl3MEJCd0V3SGdZSllJWklBV1VEQkFFdU1CRUVEQUpVL1RkUkJCdUhTZDRBckFJQkVJQTdwTkdYRzN5dUdRT0JUK0JtRm5RM2dyalYxa0lwVkV4K0RqVWtTOStNUFVGdTlybjJnNDRrcEl3SlZUMi8vRGpGMEVwSHl1YjAvTTQwQ1ZjPSIsInZlcnNpb24iOiIyIiwidHlwZSI6IkRBVEFfS0VZIiwiZXhwaXJhdGlvbiI6MTc2MDk2OTg4NX0=",
            "proxy_endpoint": "https://381491941013.dkr.ecr.us-west-2.amazonaws.com",
            "region": "us-west-2",
            "registry_id": null,
            "user_name": "AWS"
          },
          "sensitive_attributes": [
            [
              {
                "type": "get_attr",
                "value": "authorization_token"
              }
            ],
            [
              {
                "type": "get_attr",
                "value": "password"
              }
            ]
          ],
          "identity_schema_version": 0
        }
      ]
    },
    {
      "mode": "data",
      "type": "aws_iam_role",
      "name": "lab_role",
      "provider": "provider[\"registry.terraform.io/hashicorp/aws\"]",
      "instances": [
        {
          "schema_version": 0,
          "attributes": {
            "arn": "arn:aws:iam::381491941013:role/LabRole",
            "assume_role_policy": "{\"Version\":\"2012-10-17\",\"Statement\":[{\"Effect\":\"Allow\",\"Principal\":{\"AWS\":\"arn:aws:iam::381491941013:role/LabRole\",\"Service\":[\"elasticmapreduce.amazonaws.com\",\"scheduler.amazonaws.com\",\"batch.amazonaws.com\",\"ec2.application-autoscaling.amazonaws.com\",\"resource-groups.amazonaws.com\",\"deepracer.amazonaws.com\",\"s3.amazonaws.com\",\"cloudformation.amazonaws.com\",\"states.amazonaws.com\",\"elasticbeanstalk.amazonaws.com\",\"athena.amazonaws.com\",\"apigateway.amazonaws.com\",\"firehose.amazonaws.com\",\"servicecatalog.amazonaws.com\",\"codewhisperer.amazonaws.com\",\"rds.amazonaws.com\",\"forecast.amazonaws.com\",\"credentials.iot.amazonaws.com\",\"cloud9.amazonaws.com\",\"ecs-tasks.amazonaws.com\",\"pipes.amazonaws.com\",\"backup.amazonaws.com\",\"autoscaling.amazonaws.com\",\"elasticfilesystem.amazonaws.com\",\"iotanalytics.amazonaws.com\",\"sns.amazonaws.com\",\"cloudtrail.amazonaws.com\",\"iot.amazonaws.com\",\"ec2.amazonaws.com\",\"application-autoscaling.amazonaws.com\",\"elasticloadbalancing.amazonaws.com\",\"logs.amazonaws.com\",\"glue.amazonaws.com\",\"lambda.amazonaws.com\",\"eks.amazonaws.com\",\"rekognition.amazonaws.com\",\"codecommit.amazonaws.com\",\"events.amazonaws.com\",\"iotevents.amazonaws.com\",\"sqs.amazonaws.com\",\"kinesis.amazonaws.com\",\"codedeploy.amazonaws.com\",\"redshift.amazonaws.com\",\"kinesisanalytics.amazonaws.com\",\"ecs.amazonaws.com\",\"ssm.amazonaws.com\",\"dynamodb.amazonaws.com\",\"cognito-idp.amazonaws.com\",\"eks-fargate-pods.amazonaws.com\",\"databrew.amazonaws.com\",\"kms.amazonaws.com\",\"secretsmanager.amazonaws.com\",\"sagemaker.amazonaws.com\"]},\"Action\":\"sts:AssumeRole\"}]}",
            "create_date": "2025-09-09T21:22:39Z",
            "description": "",
            "id": "LabRole",
            "max_session_duration": 3600,
            "name": "LabRole",
            "path": "/",
            "permissions_boundary": "",
            "role_last_used": [
              {
                "last_used_date": "2025-10-20T02:14:54Z",
                "region": "us-west-2"
              }
            ],
            "tags": {
              "cloudlab": "c169671a4380641l11521611t1w381491941013"
            },
            "unique_id": "AROAVRUVRB2K3VSDXRML6"
          },
          "sensitive_attributes": [],
          "identity_schema_version": 0
        }
      ]
    },
    {
      "mode": "managed",
      "type": "docker_image",
      "name": "app",
      "provider": "provider[\"registry.terraform.io/kreuzwerker/docker\"]",
      "instances": [
        {
          "schema_version": 0,
          "attributes": {
            "build": [
              {
                "auth_config": [],
                "build_arg": {},
                "build_args": {},
                "build_id": "",
                "cache_from": [],
                "cgroup_parent": "",
                "context": "../src",
                "cpu_period": 0,
                "cpu_quota": 0,
                "cpu_set_cpus": "",
                "cpu_set_mems": "",
                "cpu_shares": 0,
                "dockerfile": "Dockerfile",
                "extra_hosts": [],
                "force_remove": false,
                "isolation": "",
                "label": {},
                "labels": {},
                "memory": 0,
                "memory_swap": 0,
                "network_mode": "",
                "no_cache": false,
                "path": "",
                "platform": "",
                "pull_parent": false,
                "remote_context": "",
                "remove": true,
                "security_opt": [],
                "session_id": "",
                "shm_size": 0,
                "squash": false,
                "suppress_output": false,
                "tag": [],
                "target": "",
                "ulimit": [],
                "version": ""
              }
            ],
            "force_remove": null,
            "id": "sha256:67dcf867feee49a7bdeb40accde8ed64fc157eb4011668ae15bcea9051e1b74f381491941013.dkr.ecr.us-west-2.amazonaws.com/ecr_service:latest",
            "image_id": "sha256:67dcf867feee49a7bdeb40accde8ed64fc157eb4011668ae15bcea9051e1b74f",
            "keep_locally": null,
            "latest": "sha256:67dcf867feee49a7bdeb40accde8ed64fc157eb4011668ae15bcea9051e1b74f",
            "name": "381491941013.dkr.ecr.us-west-2.amazonaws.com/ecr_service:latest",
            "output": null,
            "platform": null,
            "pull_trigger": null,
            "pull_triggers": null,
            "repo_digest": "381491941013.dkr.ecr.us-west-2.amazonaws.com/ecr_service@sha256:67dcf867feee49a7bdeb40accde8ed64fc157eb4011668ae15bcea9051e1b74f",
            "triggers": null
          },
          "sensitive_attributes": [],
          "identity_schema_version": 0,
          "private": "bnVsbA==",
          "dependencies": [
            "data.aws_ecr_authorization_token.registry",
            "module.ecr.aws_ecr_repository.this"
          ]
        }
      ]
    },
    {
      "mode": "managed",
      "type": "docker_registry_image",
      "name": "app",
      "provider": "provider[\"registry.terraform.io/kreuzwerker/docker\"]",
      "instances": [
        {
          "schema_version": 0,
          "attributes": {
            "build": [],
            "id": "sha256:67dcf867feee49a7bdeb40accde8ed64fc157eb4011668ae15bcea9051e1b74f",
            "insecure_skip_verify": false,
            "keep_remotely": false,
            "name": "381491941013.dkr.ecr.us-west-2.amazonaws.com/ecr_service:latest",
            "sha256_digest": "sha256:67dcf867feee49a7bdeb40accde8ed64fc157eb4011668ae15bcea9051e1b74f",
            "triggers": null
          },
          "sensitive_attributes": [],
          "identity_schema_version": 0,
          "private": "bnVsbA==",
          "dependencies": [
            "data.aws_ecr_authorization_token.registry",
            "docker_image.app",
            "module.ecr.aws_ecr_repository.this"
          ]
        }
      ]
    },
    {
      "module": "module.alb[0]",
      "mode": "managed",
      "type": "aws_lb",
      "name": "this",
      "provider": "provider[\"registry.terraform.io/hashicorp/aws\"]",
      "instances": [
        {
          "schema_version": 0,
          "attributes": {
            "access_logs": [
              {
                "bucket": "",
                "enabled": false,
                "prefix": ""
              }
            ],
            "arn": "arn:aws:elasticloadbalancing:us-west-2:381491941013:loadbalancer/app/CS6650L2-Fixed-alb/347d0da1d1cf61e4",
            "arn_suffix": "app/CS6650L2-Fixed-alb/347d0da1d1cf61e4",
            "client_keep_alive": 3600,
            "connection_logs": [
              {
                "bucket": "",
                "enabled": false,
                "prefix": ""
              }
            ],
            "customer_owned_ipv4_pool": "",
            "desync_mitigation_mode": "defensive",
            "dns_name": "CS6650L2-Fixed-alb-767595216.us-west-2.elb.amazonaws.com",
            "dns_record_client_routing_policy": null,
            "drop_invalid_header_fields": false,
            "enable_cross_zone_load_balancing": true,
            "enable_deletion_protection": false,
            "enable_http2": true,
            "enable_tls_version_and_cipher_suite_headers": false,
            "enable_waf_fail_open": false,
            "enable_xff_client_port": false,
            "enable_zonal_shift": false,
            "enforce_security_group_inbound_rules_on_private_link_traffic": "",
            "id": "arn:aws:elasticloadbalancing:us-west-2:381491941013:loadbalancer/app/CS6650L2-Fixed-alb/347d0da1d1cf61e4",
            "idle_timeout": 60,
            "internal": false,
            "ip_address_type": "ipv4",
            "ipam_pools": [],
            "load_balancer_type": "application",
            "minimum_load_balancer_capacity": [],
            "name": "CS6650L2-Fixed-alb",
            "name_prefix": "",
            "preserve_host_header": false,
            "region": "us-west-2",
            "security_groups": [
              "sg-0b17dd5819ed28acc"
            ],
            "subnet_mapping": [
              {
                "allocation_id": "",
                "ipv6_address": "",
                "outpost_id": "",
                "private_ipv4_address": "",
                "subnet_id": "subnet-04f9fe9a9f382a648"
              },
              {
                "allocation_id": "",
                "ipv6_address": "",
                "outpost_id": "",
                "private_ipv4_address": "",
                "subnet_id": "subnet-08215e954ef1691d3"
              },
              {
                "allocation_id": "",
                "ipv6_address": "",
                "outpost_id": "",
                "private_ipv4_address": "",
                "subnet_id": "subnet-0881627e351ad00bd"
              },
              {
                "allocation_id": "",
                "ipv6_address": "",
                "outpost_id": "",
                "private_ipv4_address": "",
                "subnet_id": "subnet-0e865f94f660c424a"
              }
            ],
            "subnets": [
              "subnet-04f9fe9a9f382a648",
              "subnet-08215e954ef1691d3",
              "subnet-0881627e351ad00bd",
              "subnet-0e865f94f660c424a"
            ],
            "tags": {
              "Name": "CS6650L2-Fixed-alb"
            },
            "tags_all": {
              "Name": "CS6650L2-Fixed-alb"
            },
            "timeouts": null,
            "vpc_id": "vpc-0444688664c38cc03",
            "xff_header_processing_mode": "append",
            "zone_id": "Z1H1FL5HABSF5"
          },
          "sensitive_attributes": [],
          "identity_schema_version": 0,
          "identity": {
            "arn": "arn:aws:elasticloadbalancing:us-west-2:381491941013:loadbalancer/app/CS6650L2-Fixed-alb/347d0da1d1cf61e4"
          },
          "private": "eyJlMmJmYjczMC1lY2FhLTExZTYtOGY4OC0zNDM2M2JjN2M0YzAiOnsiY3JlYXRlIjo2MDAwMDAwMDAwMDAsImRlbGV0ZSI6NjAwMDAwMDAwMDAwLCJ1cGRhdGUiOjYwMDAwMDAwMDAwMH19",
          "dependencies": [
            "module.alb.aws_security_group.alb",
            "module.network.data.aws_subnets.default",
            "module.network.data.aws_vpc.default"
          ]
        }
      ]
    },
    {
      "module": "module.alb[0]",
      "mode": "managed",
      "type": "aws_lb_listener",
      "name": "http",
      "provider": "provider[\"registry.terraform.io/hashicorp/aws\"]",
      "instances": [
        {
          "schema_version": 0,
          "attributes": {
            "alpn_policy": null,
            "arn": "arn:aws:elasticloadbalancing:us-west-2:381491941013:listener/app/CS6650L2-Fixed-alb/347d0da1d1cf61e4/aa3a13c294df5ced",
            "certificate_arn": null,
            "default_action": [
              {
                "authenticate_cognito": [],
                "authenticate_oidc": [],
                "fixed_response": [],
                "forward": [],
                "order": 1,
                "redirect": [],
                "target_group_arn": "arn:aws:elasticloadbalancing:us-west-2:381491941013:targetgroup/CS6650L2-Fixed-tg/2bde2959a7f62ed5",
                "type": "forward"
              }
            ],
            "id": "arn:aws:elasticloadbalancing:us-west-2:381491941013:listener/app/CS6650L2-Fixed-alb/347d0da1d1cf61e4/aa3a13c294df5ced",
            "load_balancer_arn": "arn:aws:elasticloadbalancing:us-west-2:381491941013:loadbalancer/app/CS6650L2-Fixed-alb/347d0da1d1cf61e4",
            "mutual_authentication": [],
            "port": 80,
            "protocol": "HTTP",
            "region": "us-west-2",
            "routing_http_request_x_amzn_mtls_clientcert_header_name": null,
            "routing_http_request_x_amzn_mtls_clientcert_issuer_header_name": null,
            "routing_http_request_x_amzn_mtls_clientcert_leaf_header_name": null,
            "routing_http_request_x_amzn_mtls_clientcert_serial_number_header_name": null,
            "routing_http_request_x_amzn_mtls_clientcert_subject_header_name": null,
            "routing_http_request_x_amzn_mtls_clientcert_validity_header_name": null,
            "routing_http_request_x_amzn_tls_cipher_suite_header_name": null,
            "routing_http_request_x_amzn_tls_version_header_name": null,
            "routing_http_response_access_control_allow_credentials_header_value": "",
            "routing_http_response_access_control_allow_headers_header_value": "",
            "routing_http_response_access_control_allow_methods_header_value": "",
            "routing_http_response_access_control_allow_origin_header_value": "",
            "routing_http_response_access_control_expose_headers_header_value": "",
            "routing_http_response_access_control_max_age_header_value": "",
            "routing_http_response_content_security_policy_header_value": "",
            "routing_http_response_server_enabled": true,
            "routing_http_response_strict_transport_security_header_value": "",
            "routing_http_response_x_content_type_options_header_value": "",
            "routing_http_response_x_frame_options_header_value": "",
            "ssl_policy": "",
            "tags": null,
            "tags_all": {},
            "tcp_idle_timeout_seconds": null,
            "timeouts": null
          },
          "sensitive_attributes": [],
          "identity_schema_version": 0,
          "identity": {
            "arn": "arn:aws:elasticloadbalancing:us-west-2:381491941013:listener/app/CS6650L2-Fixed-alb/347d0da1d1cf61e4/aa3a13c294df5ced"
          },
          "private": "eyJlMmJmYjczMC1lY2FhLTExZTYtOGY4OC0zNDM2M2JjN2M0YzAiOnsiY3JlYXRlIjozMDAwMDAwMDAwMDAsInVwZGF0ZSI6MzAwMDAwMDAwMDAwfX0=",
          "dependencies": [
            "module.alb.aws_lb.this",
            "module.alb.aws_lb_target_group.this",
            "module.alb.aws_security_group.alb",
            "module.network.data.aws_subnets.default",
            "module.network.data.aws_vpc.default"
          ]
        }
      ]
    },
    {
      "module": "module.alb[0]",
      "mode": "managed",
      "type": "aws_lb_target_group",
      "name": "this",
      "provider": "provider[\"registry.terraform.io/hashicorp/aws\"]",
      "instances": [
        {
          "schema_version": 0,
          "attributes": {
            "arn": "arn:aws:elasticloadbalancing:us-west-2:381491941013:targetgroup/CS6650L2-Fixed-tg/2bde2959a7f62ed5",
            "arn_suffix": "targetgroup/CS6650L2-Fixed-tg/2bde2959a7f62ed5",
            "connection_termination": null,
            "deregistration_delay": "30",
            "health_check": [
              {
                "enabled": true,
                "healthy_threshold": 2,
                "interval": 30,
                "matcher": "200",
                "path": "/health",
                "port": "traffic-port",
                "protocol": "HTTP",
                "timeout": 5,
                "unhealthy_threshold": 3
              }
            ],
            "id": "arn:aws:elasticloadbalancing:us-west-2:381491941013:targetgroup/CS6650L2-Fixed-tg/2bde2959a7f62ed5",
            "ip_address_type": "ipv4",
            "lambda_multi_value_headers_enabled": false,
            "load_balancer_arns": [],
            "load_balancing_algorithm_type": "round_robin",
            "load_balancing_anomaly_mitigation": "off",
            "load_balancing_cross_zone_enabled": "use_load_balancer_configuration",
            "name": "CS6650L2-Fixed-tg",
            "name_prefix": "",
            "port": 8080,
            "preserve_client_ip": null,
            "protocol": "HTTP",
            "protocol_version": "HTTP1",
            "proxy_protocol_v2": false,
            "region": "us-west-2",
            "slow_start": 0,
            "stickiness": [
              {
                "cookie_duration": 86400,
                "cookie_name": "",
                "enabled": false,
                "type": "lb_cookie"
              }
            ],
            "tags": {
              "Name": "CS6650L2-Fixed-tg"
            },
            "tags_all": {
              "Name": "CS6650L2-Fixed-tg"
            },
            "target_failover": [
              {
                "on_deregistration": null,
                "on_unhealthy": null
              }
            ],
            "target_group_health": [
              {
                "dns_failover": [
                  {
                    "minimum_healthy_targets_count": "1",
                    "minimum_healthy_targets_percentage": "off"
                  }
                ],
                "unhealthy_state_routing": [
                  {
                    "minimum_healthy_targets_count": 1,
                    "minimum_healthy_targets_percentage": "off"
                  }
                ]
              }
            ],
            "target_health_state": [
              {
                "enable_unhealthy_connection_termination": null,
                "unhealthy_draining_interval": null
              }
            ],
            "target_type": "ip",
            "vpc_id": "vpc-0444688664c38cc03"
          },
          "sensitive_attributes": [],
          "identity_schema_version": 0,
          "identity": {
            "arn": "arn:aws:elasticloadbalancing:us-west-2:381491941013:targetgroup/CS6650L2-Fixed-tg/2bde2959a7f62ed5"
          },
          "private": "bnVsbA==",
          "dependencies": [
            "module.network.data.aws_vpc.default"
          ]
        }
      ]
    },
    {
      "module": "module.alb[0]",
      "mode": "managed",
      "type": "aws_security_group",
      "name": "alb",
      "provider": "provider[\"registry.terraform.io/hashicorp/aws\"]",
      "instances": [
        {
          "schema_version": 1,
          "attributes": {
            "arn": "arn:aws:ec2:us-west-2:381491941013:security-group/sg-0b17dd5819ed28acc",
            "description": "Security group for CS6650L2-Fixed Application Load Balancer",
            "egress": [
              {
                "cidr_blocks": [
                  "0.0.0.0/0"
                ],
                "description": "Allow all outbound traffic",
                "from_port": 0,
                "ipv6_cidr_blocks": [],
                "prefix_list_ids": [],
                "protocol": "-1",
                "security_groups": [],
                "self": false,
                "to_port": 0
              }
            ],
            "id": "sg-0b17dd5819ed28acc",
            "ingress": [
              {
                "cidr_blocks": [
                  "0.0.0.0/0"
                ],
                "description": "Allow HTTP from anywhere",
                "from_port": 80,
                "ipv6_cidr_blocks": [],
                "prefix_list_ids": [],
                "protocol": "tcp",
                "security_groups": [],
                "self": false,
                "to_port": 80
              }
            ],
            "name": "CS6650L2-Fixed-alb-sg",
            "name_prefix": "",
            "owner_id": "381491941013",
            "region": "us-west-2",
            "revoke_rules_on_delete": false,
            "tags": {
              "Name": "CS6650L2-Fixed-alb-sg"
            },
            "tags_all": {
              "Name": "CS6650L2-Fixed-alb-sg"
            },
            "timeouts": null,
            "vpc_id": "vpc-0444688664c38cc03"
          },
          "sensitive_attributes": [],
          "identity_schema_version": 0,
          "private": "eyJlMmJmYjczMC1lY2FhLTExZTYtOGY4OC0zNDM2M2JjN2M0YzAiOnsiY3JlYXRlIjo2MDAwMDAwMDAwMDAsImRlbGV0ZSI6OTAwMDAwMDAwMDAwfSwic2NoZW1hX3ZlcnNpb24iOiIxIn0=",
          "dependencies": [
            "module.network.data.aws_vpc.default"
          ]
        }
      ]
    },
    {
      "module": "module.autoscaling[0]",
      "mode": "data",
      "type": "aws_caller_identity",
      "name": "current",
      "provider": "provider[\"registry.terraform.io/hashicorp/aws\"]",
      "instances": [
        {
          "schema_version": 0,
          "attributes": {
            "account_id": "381491941013",
            "arn": "arn:aws:sts::381491941013:assumed-role/voclabs/user4367459=zong.s@northeastern.edu",
            "id": "381491941013",
            "user_id": "AROAVRUVRB2KQLA33G5NU:user4367459=zong.s@northeastern.edu"
          },
          "sensitive_attributes": [],
          "identity_schema_version": 0
        }
      ]
    },
    {
      "module": "module.autoscaling[0]",
      "mode": "managed",
      "type": "aws_appautoscaling_policy",
      "name": "cpu_scaling",
      "provider": "provider[\"registry.terraform.io/hashicorp/aws\"]",
      "instances": [
        {
          "schema_version": 0,
          "attributes": {
            "alarm_arns": [
              "arn:aws:cloudwatch:us-west-2:381491941013:alarm:TargetTracking-service/CS6650L2-Fixed-cluster/CS6650L2-Fixed-AlarmHigh-eb24b5ec-d036-4ff8-ac50-1017359bb020",
              "arn:aws:cloudwatch:us-west-2:381491941013:alarm:TargetTracking-service/CS6650L2-Fixed-cluster/CS6650L2-Fixed-AlarmLow-ea3da4d9-b799-4233-b744-2f9c7e8b44dc"
            ],
            "arn": "arn:aws:autoscaling:us-west-2:381491941013:scalingPolicy:753edade-05f6-4128-a5ca-2e937ebc5211:resource/ecs/service/CS6650L2-Fixed-cluster/CS6650L2-Fixed:policyName/CS6650L2-Fixed-cpu-scaling",
            "id": "CS6650L2-Fixed-cpu-scaling",
            "name": "CS6650L2-Fixed-cpu-scaling",
            "policy_type": "TargetTrackingScaling",
            "region": "us-west-2",
            "resource_id": "service/CS6650L2-Fixed-cluster/CS6650L2-Fixed",
            "scalable_dimension": "ecs:service:DesiredCount",
            "service_namespace": "ecs",
            "step_scaling_policy_configuration": [],
            "target_tracking_scaling_policy_configuration": [
              {
                "customized_metric_specification": [],
                "disable_scale_in": false,
                "predefined_metric_specification": [
                  {
                    "predefined_metric_type": "ECSServiceAverageCPUUtilization",
                    "resource_label": ""
                  }
                ],
                "scale_in_cooldown": 60,
                "scale_out_cooldown": 30,
                "target_value": 70
              }
            ]
          },
          "sensitive_attributes": [],
          "identity_schema_version": 0,
          "private": "bnVsbA==",
          "dependencies": [
            "data.aws_iam_role.lab_role",
            "module.alb.aws_lb_target_group.this",
            "module.alb.aws_security_group.alb",
            "module.autoscaling.aws_appautoscaling_target.ecs_target",
            "module.autoscaling.data.aws_caller_identity.current",
            "module.ecr.aws_ecr_repository.this",
            "module.ecs.aws_ecs_cluster.this",
            "module.ecs.aws_ecs_service.this",
            "module.ecs.aws_ecs_task_definition.this",
            "module.logging.aws_cloudwatch_log_group.this",
            "module.network.aws_security_group.this",
            "module.network.data.aws_subnets.default",
            "module.network.data.aws_vpc.default"
          ]
        }
      ]
    },
    {
      "module": "module.autoscaling[0]",
      "mode": "managed",
      "type": "aws_appautoscaling_target",
      "name": "ecs_target",
      "provider": "provider[\"registry.terraform.io/hashicorp/aws\"]",
      "instances": [
        {
          "schema_version": 0,
          "attributes": {
            "arn": "arn:aws:application-autoscaling:us-west-2:381491941013:scalable-target/0ec5753edade05f64128a5ca2e937ebc5211",
            "id": "service/CS6650L2-Fixed-cluster/CS6650L2-Fixed",
            "max_capacity": 6,
            "min_capacity": 2,
            "region": "us-west-2",
            "resource_id": "service/CS6650L2-Fixed-cluster/CS6650L2-Fixed",
            "role_arn": "arn:aws:iam::381491941013:role/aws-service-role/ecs.application-autoscaling.amazonaws.com/AWSServiceRoleForApplicationAutoScaling_ECSService",
            "scalable_dimension": "ecs:service:DesiredCount",
            "service_namespace": "ecs",
            "suspended_state": [
              {
                "dynamic_scaling_in_suspended": false,
                "dynamic_scaling_out_suspended": false,
                "scheduled_scaling_suspended": false
              }
            ],
            "tags": null,
            "tags_all": {}
          },
          "sensitive_attributes": [],
          "identity_schema_version": 0,
          "private": "bnVsbA==",
          "dependencies": [
            "data.aws_iam_role.lab_role",
            "module.alb.aws_lb_target_group.this",
            "module.alb.aws_security_group.alb",
            "module.autoscaling.data.aws_caller_identity.current",
            "module.ecr.aws_ecr_repository.this",
            "module.ecs.aws_ecs_cluster.this",
            "module.ecs.aws_ecs_service.this",
            "module.ecs.aws_ecs_task_definition.this",
            "module.logging.aws_cloudwatch_log_group.this",
            "module.network.aws_security_group.this",
            "module.network.data.aws_subnets.default",
            "module.network.data.aws_vpc.default"
          ]
        }
      ]
    },
    {
      "module": "module.ecr",
      "mode": "managed",
      "type": "aws_ecr_repository",
      "name": "this",
      "provider": "provider[\"registry.terraform.io/hashicorp/aws\"]",
      "instances": [
        {
          "schema_version": 0,
          "attributes": {
            "arn": "arn:aws:ecr:us-west-2:381491941013:repository/ecr_service",
            "encryption_configuration": [
              {
                "encryption_type": "AES256",
                "kms_key": ""
              }
            ],
            "force_delete": null,
            "id": "ecr_service",
            "image_scanning_configuration": [
              {
                "scan_on_push": false
              }
            ],
            "image_tag_mutability": "MUTABLE",
            "name": "ecr_service",
            "region": "us-west-2",
            "registry_id": "381491941013",
            "repository_url": "381491941013.dkr.ecr.us-west-2.amazonaws.com/ecr_service",
            "tags": {},
            "tags_all": {},
            "timeouts": null
          },
          "sensitive_attributes": [],
          "identity_schema_version": 0,
          "private": "eyJlMmJmYjczMC1lY2FhLTExZTYtOGY4OC0zNDM2M2JjN2M0YzAiOnsiZGVsZXRlIjoxMjAwMDAwMDAwMDAwfX0="
        }
      ]
    },
    {
      "module": "module.ecs",
      "mode": "managed",
      "type": "aws_ecs_cluster",
      "name": "this",
      "provider": "provider[\"registry.terraform.io/hashicorp/aws\"]",
      "instances": [
        {
          "schema_version": 0,
          "attributes": {
            "arn": "arn:aws:ecs:us-west-2:381491941013:cluster/CS6650L2-Fixed-cluster",
            "configuration": [],
            "id": "arn:aws:ecs:us-west-2:381491941013:cluster/CS6650L2-Fixed-cluster",
            "name": "CS6650L2-Fixed-cluster",
            "region": "us-west-2",
            "service_connect_defaults": [],
            "setting": [
              {
                "name": "containerInsights",
                "value": "disabled"
              }
            ],
            "tags": null,
            "tags_all": {}
          },
          "sensitive_attributes": [],
          "identity_schema_version": 0,
          "private": "bnVsbA=="
        }
      ]
    },
    {
      "module": "module.ecs",
      "mode": "managed",
      "type": "aws_ecs_service",
      "name": "this",
      "provider": "provider[\"registry.terraform.io/hashicorp/aws\"]",
      "instances": [
        {
          "schema_version": 1,
          "attributes": {
            "alarms": [],
            "arn": "arn:aws:ecs:us-west-2:381491941013:service/CS6650L2-Fixed-cluster/CS6650L2-Fixed",
            "availability_zone_rebalancing": "DISABLED",
            "capacity_provider_strategy": [],
            "cluster": "arn:aws:ecs:us-west-2:381491941013:cluster/CS6650L2-Fixed-cluster",
            "deployment_circuit_breaker": [
              {
                "enable": false,
                "rollback": false
              }
            ],
            "deployment_configuration": [],
            "deployment_controller": [
              {
                "type": "ECS"
              }
            ],
            "deployment_maximum_percent": 200,
            "deployment_minimum_healthy_percent": 100,
            "desired_count": 2,
            "enable_ecs_managed_tags": false,
            "enable_execute_command": false,
            "force_delete": null,
            "force_new_deployment": null,
            "health_check_grace_period_seconds": 0,
            "iam_role": "/aws-service-role/ecs.amazonaws.com/AWSServiceRoleForECS",
            "id": "arn:aws:ecs:us-west-2:381491941013:service/CS6650L2-Fixed-cluster/CS6650L2-Fixed",
            "launch_type": "FARGATE",
            "load_balancer": [
              {
                "advanced_configuration": [],
                "container_name": "CS6650L2-Fixed-container",
                "container_port": 8080,
                "elb_name": "",
                "target_group_arn": "arn:aws:elasticloadbalancing:us-west-2:381491941013:targetgroup/CS6650L2-Fixed-tg/2bde2959a7f62ed5"
              }
            ],
            "name": "CS6650L2-Fixed",
            "network_configuration": [
              {
                "assign_public_ip": true,
                "security_groups": [
                  "sg-0fd050e1b15f3ac25"
                ],
                "subnets": [
                  "subnet-04f9fe9a9f382a648",
                  "subnet-08215e954ef1691d3",
                  "subnet-0881627e351ad00bd",
                  "subnet-0e865f94f660c424a"
                ]
              }
            ],
            "ordered_placement_strategy": [],
            "placement_constraints": [],
            "platform_version": "LATEST",
            "propagate_tags": "NONE",
            "region": "us-west-2",
            "scheduling_strategy": "REPLICA",
            "service_connect_configuration": [],
            "service_registries": [],
            "tags": null,
            "tags_all": {},
            "task_definition": "arn:aws:ecs:us-west-2:381491941013:task-definition/CS6650L2-Fixed-task:4",
            "timeouts": null,
            "triggers": {},
            "volume_configuration": [],
            "vpc_lattice_configurations": [],
            "wait_for_steady_state": false
          },
          "sensitive_attributes": [],
          "identity_schema_version": 0,
          "private": "eyJlMmJmYjczMC1lY2FhLTExZTYtOGY4OC0zNDM2M2JjN2M0YzAiOnsiY3JlYXRlIjoxMjAwMDAwMDAwMDAwLCJkZWxldGUiOjEyMDAwMDAwMDAwMDAsInVwZGF0ZSI6MTIwMDAwMDAwMDAwMH0sInNjaGVtYV92ZXJzaW9uIjoiMSJ9",
          "dependencies": [
            "data.aws_iam_role.lab_role",
            "module.alb.aws_lb_target_group.this",
            "module.alb.aws_security_group.alb",
            "module.ecr.aws_ecr_repository.this",
            "module.ecs.aws_ecs_cluster.this",
            "module.ecs.aws_ecs_task_definition.this",
            "module.logging.aws_cloudwatch_log_group.this",
            "module.network.aws_security_group.this",
            "module.network.data.aws_subnets.default",
            "module.network.data.aws_vpc.default"
          ]
        }
      ]
    },
    {
      "module": "module.ecs",
      "mode": "managed",
      "type": "aws_ecs_task_definition",
      "name": "this",
      "provider": "provider[\"registry.terraform.io/hashicorp/aws\"]",
      "instances": [
        {
          "schema_version": 1,
          "attributes": {
            "arn": "arn:aws:ecs:us-west-2:381491941013:task-definition/CS6650L2-Fixed-task:4",
            "arn_without_revision": "arn:aws:ecs:us-west-2:381491941013:task-definition/CS6650L2-Fixed-task",
            "container_definitions": "[{\"environment\":[],\"essential\":true,\"image\":\"381491941013.dkr.ecr.us-west-2.amazonaws.com/ecr_service:latest\",\"logConfiguration\":{\"logDriver\":\"awslogs\",\"options\":{\"awslogs-group\":\"/ecs/CS6650L2-Fixed\",\"awslogs-region\":\"us-west-2\",\"awslogs-stream-prefix\":\"ecs\"}},\"mountPoints\":[],\"name\":\"CS6650L2-Fixed-container\",\"portMappings\":[{\"containerPort\":8080,\"hostPort\":8080,\"protocol\":\"tcp\"}],\"systemControls\":[],\"volumesFrom\":[]}]",
            "cpu": "1024",
            "enable_fault_injection": false,
            "ephemeral_storage": [],
            "execution_role_arn": "arn:aws:iam::381491941013:role/LabRole",
            "family": "CS6650L2-Fixed-task",
            "id": "CS6650L2-Fixed-task",
            "ipc_mode": "",
            "memory": "2048",
            "network_mode": "awsvpc",
            "pid_mode": "",
            "placement_constraints": [],
            "proxy_configuration": [],
            "region": "us-west-2",
            "requires_compatibilities": [
              "FARGATE"
            ],
            "revision": 4,
            "runtime_platform": [],
            "skip_destroy": false,
            "tags": null,
            "tags_all": {},
            "task_role_arn": "arn:aws:iam::381491941013:role/LabRole",
            "track_latest": false,
            "volume": []
          },
          "sensitive_attributes": [],
          "identity_schema_version": 0,
          "private": "eyJzY2hlbWFfdmVyc2lvbiI6IjEifQ==",
          "dependencies": [
            "data.aws_iam_role.lab_role",
            "module.ecr.aws_ecr_repository.this",
            "module.logging.aws_cloudwatch_log_group.this"
          ]
        }
      ]
    },
    {
      "module": "module.logging",
      "mode": "managed",
      "type": "aws_cloudwatch_log_group",
      "name": "this",
      "provider": "provider[\"registry.terraform.io/hashicorp/aws\"]",
      "instances": [
        {
          "schema_version": 0,
          "attributes": {
            "arn": "arn:aws:logs:us-west-2:381491941013:log-group:/ecs/CS6650L2-Fixed",
            "id": "/ecs/CS6650L2-Fixed",
            "kms_key_id": "",
            "log_group_class": "STANDARD",
            "name": "/ecs/CS6650L2-Fixed",
            "name_prefix": "",
            "region": "us-west-2",
            "retention_in_days": 7,
            "skip_destroy": false,
            "tags": null,
            "tags_all": {}
          },
          "sensitive_attributes": [],
          "identity_schema_version": 0,
          "private": "bnVsbA=="
        }
      ]
    },
    {
      "module": "module.network",
      "mode": "data",
      "type": "aws_subnets",
      "name": "default",
      "provider": "provider[\"registry.terraform.io/hashicorp/aws\"]",
      "instances": [
        {
          "schema_version": 0,
          "attributes": {
            "filter": [
              {
                "name": "vpc-id",
                "values": [
                  "vpc-0444688664c38cc03"
                ]
              }
            ],
            "id": "us-west-2",
            "ids": [
              "subnet-08215e954ef1691d3",
              "subnet-0e865f94f660c424a",
              "subnet-04f9fe9a9f382a648",
              "subnet-0881627e351ad00bd"
            ],
            "region": "us-west-2",
            "tags": null,
            "timeouts": null
          },
          "sensitive_attributes": [],
          "identity_schema_version": 0
        }
      ]
    },
    {
      "module": "module.network",
      "mode": "data",
      "type": "aws_vpc",
      "name": "default",
      "provider": "provider[\"registry.terraform.io/hashicorp/aws\"]",
      "instances": [
        {
          "schema_version": 0,
          "attributes": {
            "arn": "arn:aws:ec2:us-west-2:381491941013:vpc/vpc-0444688664c38cc03",
            "cidr_block": "172.31.0.0/16",
            "cidr_block_associations": [
              {
                "association_id": "vpc-cidr-assoc-0afeeda1ef4a7d37b",
                "cidr_block": "172.31.0.0/16",
                "state": "associated"
              }
            ],
            "default": true,
            "dhcp_options_id": "dopt-0e1f35e28265a7c28",
            "enable_dns_hostnames": true,
            "enable_dns_support": true,
            "enable_network_address_usage_metrics": false,
            "filter": null,
            "id": "vpc-0444688664c38cc03",
            "instance_tenancy": "default",
            "ipv6_association_id": "",
            "ipv6_cidr_block": "",
            "main_route_table_id": "rtb-0ee426d4184da1754",
            "owner_id": "381491941013",
            "region": "us-west-2",
            "state": null,
            "tags": {},
            "timeouts": null
          },
          "sensitive_attributes": [],
          "identity_schema_version": 0
        }
      ]
    },
    {
      "module": "module.network",
      "mode": "managed",
      "type": "aws_security_group",
      "name": "this",
      "provider": "provider[\"registry.terraform.io/hashicorp/aws\"]",
      "instances": [
        {
          "schema_version": 1,
          "attributes": {
            "arn": "arn:aws:ec2:us-west-2:381491941013:security-group/sg-0fd050e1b15f3ac25",
            "description": "Allow inbound on 8080",
            "egress": [
              {
                "cidr_blocks": [
                  "0.0.0.0/0"
                ],
                "description": "Allow all outbound",
                "from_port": 0,
                "ipv6_cidr_blocks": [],
                "prefix_list_ids": [],
                "protocol": "-1",
                "security_groups": [],
                "self": false,
                "to_port": 0
              }
            ],
            "id": "sg-0fd050e1b15f3ac25",
            "ingress": [
              {
                "cidr_blocks": [
                  "0.0.0.0/0"
                ],
                "description": "Allow HTTP traffic from anywhere",
                "from_port": 8080,
                "ipv6_cidr_blocks": [],
                "prefix_list_ids": [],
                "protocol": "tcp",
                "security_groups": [],
                "self": false,
                "to_port": 8080
              },
              {
                "cidr_blocks": [],
                "description": "Allow traffic from ALB",
                "from_port": 8080,
                "ipv6_cidr_blocks": [],
                "prefix_list_ids": [],
                "protocol": "tcp",
                "security_groups": [
                  "sg-0b17dd5819ed28acc"
                ],
                "self": false,
                "to_port": 8080
              }
            ],
            "name": "CS6650L2-Fixed-sg",
            "name_prefix": "",
            "owner_id": "381491941013",
            "region": "us-west-2",
            "revoke_rules_on_delete": false,
            "tags": null,
            "tags_all": {},
            "timeouts": null,
            "vpc_id": "vpc-0444688664c38cc03"
          },
          "sensitive_attributes": [],
          "identity_schema_version": 0,
          "private": "eyJlMmJmYjczMC1lY2FhLTExZTYtOGY4OC0zNDM2M2JjN2M0YzAiOnsiY3JlYXRlIjo2MDAwMDAwMDAwMDAsImRlbGV0ZSI6OTAwMDAwMDAwMDAwfSwic2NoZW1hX3ZlcnNpb24iOiIxIn0=",
          "dependencies": [
            "module.alb.aws_security_group.alb",
            "module.network.data.aws_vpc.default"
          ]
        }
      ]
    }
  ],
  "check_results": null
}
